{
  "name": "express-backend-create",
  "version": "1.0.1",
  "lockfileVersion": 3,
  "requires": true,
  "packages": {
    "": {
      "name": "express-backend-create",
      "version": "1.0.1",
      "license": "MIT",
      "bin": {
        "express-backend-create": "index.js"
      },
      "engines": {
        "node": ">=14"
      }
    }
  }
}
